
Microsoft Visual Studio Solution File, Format Version 12.00
# Visual Studio Version 16
VisualStudioVersion = 16.0.32126.315
MinimumVisualStudioVersion = 10.0.40219.1
Project("{FAE04EC0-301F-11D3-BF4B-00C04F79EFBC}") = "Reflection_Exception", "Reflection_Exception\Reflection_Exception.csproj", "{DE85F101-844E-42A6-BC26-5664DC8EBB20}"
EndProject
Global
	GlobalSection(SolutionConfigurationPlatforms) = preSolution
		Debug|Any CPU = Debug|Any CPU
		Release|Any CPU = Release|Any CPU
	EndGlobalSection
	GlobalSection(ProjectConfigurationPlatforms) = postSolution
		{DE85F101-844E-42A6-BC26-5664DC8EBB20}.Debug|Any CPU.ActiveCfg = Debug|Any CPU
		{DE85F101-844E-42A6-BC26-5664DC8EBB20}.Debug|Any CPU.Build.0 = Debug|Any CPU
		{DE85F101-844E-42A6-BC26-5664DC8EBB20}.Release|Any CPU.ActiveCfg = Release|Any CPU
		{DE85F101-844E-42A6-BC26-5664DC8EBB20}.Release|Any CPU.Build.0 = Release|Any CPU
	EndGlobalSection
	GlobalSection(SolutionProperties) = preSolution
		HideSolutionNode = FALSE
	EndGlobalSection
	GlobalSection(ExtensibilityGlobals) = postSolution
		SolutionGuid = {F8E7230C-CB70-47C1-8407-2A368A6F5FD2}
	EndGlobalSection
EndGlobal
